
Microsoft Visual Studio Solution File, Format Version 12.00
# Visual Studio 15
VisualStudioVersion = 15.0.28307.1705
MinimumVisualStudioVersion = 10.0.40219.1
Project("{FAE04EC0-301F-11D3-BF4B-00C04F79EFBC}") = "SimpleGrading", "SimpleGrading.csproj", "{BC795DC2-A28C-4B21-8D7F-2B5E923E1B88}"
EndProject
Global
	GlobalSection(SolutionConfigurationPlatforms) = preSolution
		Debug|Any CPU = Debug|Any CPU
		Release|Any CPU = Release|Any CPU
	EndGlobalSection
	GlobalSection(ProjectConfigurationPlatforms) = postSolution
		{BC795DC2-A28C-4B21-8D7F-2B5E923E1B88}.Debug|Any CPU.ActiveCfg = Debug|Any CPU
		{BC795DC2-A28C-4B21-8D7F-2B5E923E1B88}.Debug|Any CPU.Build.0 = Debug|Any CPU
		{BC795DC2-A28C-4B21-8D7F-2B5E923E1B88}.Release|Any CPU.ActiveCfg = Release|Any CPU
		{BC795DC2-A28C-4B21-8D7F-2B5E923E1B88}.Release|Any CPU.Build.0 = Release|Any CPU
	EndGlobalSection
	GlobalSection(SolutionProperties) = preSolution
		HideSolutionNode = FALSE
	EndGlobalSection
	GlobalSection(ExtensibilityGlobals) = postSolution
		SolutionGuid = {C9BF1407-5C03-4D46-B9E2-4F936DE808BF}
	EndGlobalSection
EndGlobal
